// !$*UTF8*$!
{
	archiveVersion = 1;
	classes = {
	};
	objectVersion = 55;
	objects = {

/* Begin PBXBuildFile section */
		8B3E2A3D2815CF4E000089BE /* swiftui_challengeApp.swift in Sources */ = {isa = PBXBuildFile; fileRef = 8B3E2A3C2815CF4E000089BE /* swiftui_challengeApp.swift */; };
		8B3E2A3F2815CF4E000089BE /* ContentView.swift in Sources */ = {isa = PBXBuildFile; fileRef = 8B3E2A3E2815CF4E000089BE /* ContentView.swift */; };
		8B3E2A412815CF4F000089BE /* Assets.xcassets in Resources */ = {isa = PBXBuildFile; fileRef = 8B3E2A402815CF4F000089BE /* Assets.xcassets */; };
		8B3E2A442815CF4F000089BE /* Preview Assets.xcassets in Resources */ = {isa = PBXBuildFile; fileRef = 8B3E2A432815CF4F000089BE /* Preview Assets.xcassets */; };
		8B3E2A4F2815CF4F000089BE /* swiftui_challengeTests.swift in Sources */ = {isa = PBXBuildFile; fileRef = 8B3E2A4E2815CF4F000089BE /* swiftui_challengeTests.swift */; };
		8B3E2A592815CF4F000089BE /* swiftui_challengeUITests.swift in Sources */ = {isa = PBXBuildFile; fileRef = 8B3E2A582815CF4F000089BE /* swiftui_challengeUITests.swift */; };
		8B3E2A5B2815CF4F000089BE /* swiftui_challengeUITestsLaunchTests.swift in Sources */ = {isa = PBXBuildFile; fileRef = 8B3E2A5A2815CF4F000089BE /* swiftui_challengeUITestsLaunchTests.swift */; };
/* End PBXBuildFile section */

/* Begin PBXContainerItemProxy section */
		8B3E2A4B2815CF4F000089BE /* PBXContainerItemProxy */ = {
			isa = PBXContainerItemProxy;
			containerPortal = 8B3E2A312815CF4E000089BE /* Project object */;
			proxyType = 1;
			remoteGlobalIDString = 8B3E2A382815CF4E000089BE;
			remoteInfo = swiftui_challenge;
		};
		8B3E2A552815CF4F000089BE /* PBXContainerItemProxy */ = {
			isa = PBXContainerItemProxy;
			containerPortal = 8B3E2A312815CF4E000089BE /* Project object */;
			proxyType = 1;
			remoteGlobalIDString = 8B3E2A382815CF4E000089BE;
			remoteInfo = swiftui_challenge;
		};
/* End PBXContainerItemProxy section */

/* Begin PBXFileReference section */
		8B3E2A392815CF4E000089BE /* swiftui_challenge.app */ = {isa = PBXFileReference; explicitFileType = wrapper.application; includeInIndex = 0; path = swiftui_challenge.app; sourceTree = BUILT_PRODUCTS_DIR; };
		8B3E2A3C2815CF4E000089BE /* swiftui_challengeApp.swift */ = {isa = PBXFileReference; lastKnownFileType = sourcecode.swift; path = swiftui_challengeApp.swift; sourceTree = "<group>"; };
		8B3E2A3E2815CF4E000089BE /* ContentView.swift */ = {isa = PBXFileReference; lastKnownFileType = sourcecode.swift; path = ContentView.swift; sourceTree = "<group>"; };
		8B3E2A402815CF4F000089BE /* Assets.xcassets */ = {isa = PBXFileReference; lastKnownFileType = folder.assetcatalog; path = Assets.xcassets; sourceTree = "<group>"; };
		8B3E2A432815CF4F000089BE /* Preview Assets.xcassets */ = {isa = PBXFileReference; lastKnownFileType = folder.assetcatalog; path = "Preview Assets.xcassets"; sourceTree = "<group>"; };
		8B3E2A452815CF4F000089BE /* swiftui_challenge.entitlements */ = {isa = PBXFileReference; lastKnownFileType = text.plist.entitlements; path = swiftui_challenge.entitlements; sourceTree = "<group>"; };
		8B3E2A4A2815CF4F000089BE /* swiftui_challengeTests.xctest */ = {isa = PBXFileReference; explicitFileType = wrapper.cfbundle; includeInIndex = 0; path = swiftui_challengeTests.xctest; sourceTree = BUILT_PRODUCTS_DIR; };
		8B3E2A4E2815CF4F000089BE /* swiftui_challengeTests.swift */ = {isa = PBXFileReference; lastKnownFileType = sourcecode.swift; path = swiftui_challengeTests.swift; sourceTree = "<group>"; };
		8B3E2A542815CF4F000089BE /* swiftui_challengeUITests.xctest */ = {isa = PBXFileReference; explicitFileType = wrapper.cfbundle; includeInIndex = 0; path = swiftui_challengeUITests.xctest; sourceTree = BUILT_PRODUCTS_DIR; };
		8B3E2A582815CF4F000089BE /* swiftui_challengeUITests.swift */ = {isa = PBXFileReference; lastKnownFileType = sourcecode.swift; path = swiftui_challengeUITests.swift; sourceTree = "<group>"; };
		8B3E2A5A2815CF4F000089BE /* swiftui_challengeUITestsLaunchTests.swift */ = {isa = PBXFileReference; lastKnownFileType = sourcecode.swift; path = swiftui_challengeUITestsLaunchTests.swift; sourceTree = "<group>"; };
/* End PBXFileReference section */

/* Begin PBXFrameworksBuildPhase section */
		8B3E2A362815CF4E000089BE /* Frameworks */ = {
			isa = PBXFrameworksBuildPhase;
			buildActionMask = 2147483647;
			files = (
			);
			runOnlyForDeploymentPostprocessing = 0;
		};
		8B3E2A472815CF4F000089BE /* Frameworks */ = {
			isa = PBXFrameworksBuildPhase;
			buildActionMask = 2147483647;
			files = (
			);
			runOnlyForDeploymentPostprocessing = 0;
		};
		8B3E2A512815CF4F000089BE /* Frameworks */ = {
			isa = PBXFrameworksBuildPhase;
			buildActionMask = 2147483647;
			files = (
			);
			runOnlyForDeploymentPostprocessing = 0;
		};
/* End PBXFrameworksBuildPhase section */

/* Begin PBXGroup section */
		8B3E2A302815CF4E000089BE = {
			isa = PBXGroup;
			children = (
				8B3E2A3B2815CF4E000089BE /* swiftui_challenge */,
				8B3E2A4D2815CF4F000089BE /* swiftui_challengeTests */,
				8B3E2A572815CF4F000089BE /* swiftui_challengeUITests */,
				8B3E2A3A2815CF4E000089BE /* Products */,
			);
			sourceTree = "<group>";
		};
		8B3E2A3A2815CF4E000089BE /* Products */ = {
			isa = PBXGroup;
			children = (
				8B3E2A392815CF4E000089BE /* swiftui_challenge.app */,
				8B3E2A4A2815CF4F000089BE /* swiftui_challengeTests.xctest */,
				8B3E2A542815CF4F000089BE /* swiftui_challengeUITests.xctest */,
			);
			name = Products;
			sourceTree = "<group>";
		};
		8B3E2A3B2815CF4E000089BE /* swiftui_challenge */ = {
			isa = PBXGroup;
			children = (
				8B3E2A3C2815CF4E000089BE /* swiftui_challengeApp.swift */,
				8B3E2A3E2815CF4E000089BE /* ContentView.swift */,
				8B3E2A402815CF4F000089BE /* Assets.xcassets */,
				8B3E2A452815CF4F000089BE /* swiftui_challenge.entitlements */,
				8B3E2A422815CF4F000089BE /* Preview Content */,
			);
			path = swiftui_challenge;
			sourceTree = "<group>";
		};
		8B3E2A422815CF4F000089BE /* Preview Content */ = {
			isa = PBXGroup;
			children = (
				8B3E2A432815CF4F000089BE /* Preview Assets.xcassets */,
			);
			path = "Preview Content";
			sourceTree = "<group>";
		};
		8B3E2A4D2815CF4F000089BE /* swiftui_challengeTests */ = {
			isa = PBXGroup;
			children = (
				8B3E2A4E2815CF4F000089BE /* swiftui_challengeTests.swift */,
			);
			path = swiftui_challengeTests;
			sourceTree = "<group>";
		};
		8B3E2A572815CF4F000089BE /* swiftui_challengeUITests */ = {
			isa = PBXGroup;
			children = (
				8B3E2A582815CF4F000089BE /* swiftui_challengeUITests.swift */,
				8B3E2A5A2815CF4F000089BE /* swiftui_challengeUITestsLaunchTests.swift */,
			);
			path = swiftui_challengeUITests;
			sourceTree = "<group>";
		};
/* End PBXGroup section */

/* Begin PBXNativeTarget section */
		8B3E2A382815CF4E000089BE /* swiftui_challenge */ = {
			isa = PBXNativeTarget;
			buildConfigurationList = 8B3E2A5E2815CF4F000089BE /* Build configuration list for PBXNativeTarget "swiftui_challenge" */;
			buildPhases = (
				8B3E2A352815CF4E000089BE /* Sources */,
				8B3E2A362815CF4E000089BE /* Frameworks */,
				8B3E2A372815CF4E000089BE /* Resources */,
			);
			buildRules = (
			);
			dependencies = (
			);
			name = swiftui_challenge;
			productName = swiftui_challenge;
			productReference = 8B3E2A392815CF4E000089BE /* swiftui_challenge.app */;
			productType = "com.apple.product-type.application";
		};
		8B3E2A492815CF4F000089BE /* swiftui_challengeTests */ = {
			isa = PBXNativeTarget;
			buildConfigurationList = 8B3E2A612815CF4F000089BE /* Build configuration list for PBXNativeTarget "swiftui_challengeTests" */;
			buildPhases = (
				8B3E2A462815CF4F000089BE /* Sources */,
				8B3E2A472815CF4F000089BE /* Frameworks */,
				8B3E2A482815CF4F000089BE /* Resources */,
			);
			buildRules = (
			);
			dependencies = (
				8B3E2A4C2815CF4F000089BE /* PBXTargetDependency */,
			);
			name = swiftui_challengeTests;
			productName = swiftui_challengeTests;
			productReference = 8B3E2A4A2815CF4F000089BE /* swiftui_challengeTests.xctest */;
			productType = "com.apple.product-type.bundle.unit-test";
		};
		8B3E2A532815CF4F000089BE /* swiftui_challengeUITests */ = {
			isa = PBXNativeTarget;
			buildConfigurationList = 8B3E2A642815CF4F000089BE /* Build configuration list for PBXNativeTarget "swiftui_challengeUITests" */;
			buildPhases = (
				8B3E2A502815CF4F000089BE /* Sources */,
				8B3E2A512815CF4F000089BE /* Frameworks */,
				8B3E2A522815CF4F000089BE /* Resources */,
			);
			buildRules = (
			);
			dependencies = (
				8B3E2A562815CF4F000089BE /* PBXTargetDependency */,
			);
			name = swiftui_challengeUITests;
			productName = swiftui_challengeUITests;
			productReference = 8B3E2A542815CF4F000089BE /* swiftui_challengeUITests.xctest */;
			productType = "com.apple.product-type.bundle.ui-testing";
		};
/* End PBXNativeTarget section */

/* Begin PBXProject section */
		8B3E2A312815CF4E000089BE /* Project object */ = {
			isa = PBXProject;
			attributes = {
				BuildIndependentTargetsInParallel = 1;
				LastSwiftUpdateCheck = 1330;
				LastUpgradeCheck = 1330;
				TargetAttributes = {
					8B3E2A382815CF4E000089BE = {
						CreatedOnToolsVersion = 13.3.1;
					};
					8B3E2A492815CF4F000089BE = {
						CreatedOnToolsVersion = 13.3.1;
						TestTargetID = 8B3E2A382815CF4E000089BE;
					};
					8B3E2A532815CF4F000089BE = {
						CreatedOnToolsVersion = 13.3.1;
						TestTargetID = 8B3E2A382815CF4E000089BE;
					};
				};
			};
			buildConfigurationList = 8B3E2A342815CF4E000089BE /* Build configuration list for PBXProject "swiftui_challenge" */;
			compatibilityVersion = "Xcode 13.0";
			developmentRegion = en;
			hasScannedForEncodings = 0;
			knownRegions = (
				en,
				Base,
			);
			mainGroup = 8B3E2A302815CF4E000089BE;
			productRefGroup = 8B3E2A3A2815CF4E000089BE /* Products */;
			projectDirPath = "";
			projectRoot = "";
			targets = (
				8B3E2A382815CF4E000089BE /* swiftui_challenge */,
				8B3E2A492815CF4F000089BE /* swiftui_challengeTests */,
				8B3E2A532815CF4F000089BE /* swiftui_challengeUITests */,
			);
		};
/* End PBXProject section */

/* Begin PBXResourcesBuildPhase section */
		8B3E2A372815CF4E000089BE /* Resources */ = {
			isa = PBXResourcesBuildPhase;
			buildActionMask = 2147483647;
			files = (
				8B3E2A442815CF4F000089BE /* Preview Assets.xcassets in Resources */,
				8B3E2A412815CF4F000089BE /* Assets.xcassets in Resources */,
			);
			runOnlyForDeploymentPostprocessing = 0;
		};
		8B3E2A482815CF4F000089BE /* Resources */ = {
			isa = PBXResourcesBuildPhase;
			buildActionMask = 2147483647;
			files = (
			);
			runOnlyForDeploymentPostprocessing = 0;
		};
		8B3E2A522815CF4F000089BE /* Resources */ = {
			isa = PBXResourcesBuildPhase;
			buildActionMask = 2147483647;
			files = (
			);
			runOnlyForDeploymentPostprocessing = 0;
		};
/* End PBXResourcesBuildPhase section */

/* Begin PBXSourcesBuildPhase section */
		8B3E2A352815CF4E000089BE /* Sources */ = {
			isa = PBXSourcesBuildPhase;
			buildActionMask = 2147483647;
			files = (
				8B3E2A3F2815CF4E000089BE /* ContentView.swift in Sources */,
				8B3E2A3D2815CF4E000089BE /* swiftui_challengeApp.swift in Sources */,
			);
			runOnlyForDeploymentPostprocessing = 0;
		};
		8B3E2A462815CF4F000089BE /* Sources */ = {
			isa = PBXSourcesBuildPhase;
			buildActionMask = 2147483647;
			files = (
				8B3E2A4F2815CF4F000089BE /* swiftui_challengeTests.swift in Sources */,
			);
			runOnlyForDeploymentPostprocessing = 0;
		};
		8B3E2A502815CF4F000089BE /* Sources */ = {
			isa = PBXSourcesBuildPhase;
			buildActionMask = 2147483647;
			files = (
				8B3E2A5B2815CF4F000089BE /* swiftui_challengeUITestsLaunchTests.swift in Sources */,
				8B3E2A592815CF4F000089BE /* swiftui_challengeUITests.swift in Sources */,
			);
			runOnlyForDeploymentPostprocessing = 0;
		};
/* End PBXSourcesBuildPhase section */

/* Begin PBXTargetDependency section */
		8B3E2A4C2815CF4F000089BE /* PBXTargetDependency */ = {
			isa = PBXTargetDependency;
			target = 8B3E2A382815CF4E000089BE /* swiftui_challenge */;
			targetProxy = 8B3E2A4B2815CF4F000089BE /* PBXContainerItemProxy */;
		};
		8B3E2A562815CF4F000089BE /* PBXTargetDependency */ = {
			isa = PBXTargetDependency;
			target = 8B3E2A382815CF4E000089BE /* swiftui_challenge */;
			targetProxy = 8B3E2A552815CF4F000089BE /* PBXContainerItemProxy */;
		};
/* End PBXTargetDependency section */

/* Begin XCBuildConfiguration section */
		8B3E2A5C2815CF4F000089BE /* Debug */ = {
			isa = XCBuildConfiguration;
			buildSettings = {
				ALWAYS_SEARCH_USER_PATHS = NO;
				CLANG_ANALYZER_NONNULL = YES;
				CLANG_ANALYZER_NUMBER_OBJECT_CONVERSION = YES_AGGRESSIVE;
				CLANG_CXX_LANGUAGE_STANDARD = "gnu++17";
				CLANG_ENABLE_MODULES = YES;
				CLANG_ENABLE_OBJC_ARC = YES;
				CLANG_ENABLE_OBJC_WEAK = YES;
				CLANG_WARN_BLOCK_CAPTURE_AUTORELEASING = YES;
				CLANG_WARN_BOOL_CONVERSION = YES;
				CLANG_WARN_COMMA = YES;
				CLANG_WARN_CONSTANT_CONVERSION = YES;
				CLANG_WARN_DEPRECATED_OBJC_IMPLEMENTATIONS = YES;
				CLANG_WARN_DIRECT_OBJC_ISA_USAGE = YES_ERROR;
				CLANG_WARN_DOCUMENTATION_COMMENTS = YES;
				CLANG_WARN_EMPTY_BODY = YES;
				CLANG_WARN_ENUM_CONVERSION = YES;
				CLANG_WARN_INFINITE_RECURSION = YES;
				CLANG_WARN_INT_CONVERSION = YES;
				CLANG_WARN_NON_LITERAL_NULL_CONVERSION = YES;
				CLANG_WARN_OBJC_IMPLICIT_RETAIN_SELF = YES;
				CLANG_WARN_OBJC_LITERAL_CONVERSION = YES;
				CLANG_WARN_OBJC_ROOT_CLASS = YES_ERROR;
				CLANG_WARN_QUOTED_INCLUDE_IN_FRAMEWORK_HEADER = YES;
				CLANG_WARN_RANGE_LOOP_ANALYSIS = YES;
				CLANG_WARN_STRICT_PROTOTYPES = YES;
				CLANG_WARN_SUSPICIOUS_MOVE = YES;
				CLANG_WARN_UNGUARDED_AVAILABILITY = YES_AGGRESSIVE;
				CLANG_WARN_UNREACHABLE_CODE = YES;
				CLANG_WARN__DUPLICATE_METHOD_MATCH = YES;
				COPY_PHASE_STRIP = NO;
				DEBUG_INFORMATION_FORMAT = dwarf;
				ENABLE_STRICT_OBJC_MSGSEND = YES;
				ENABLE_TESTABILITY = YES;
				GCC_C_LANGUAGE_STANDARD = gnu11;
				GCC_DYNAMIC_NO_PIC = NO;
				GCC_NO_COMMON_BLOCKS = YES;
				GCC_OPTIMIZATION_LEVEL = 0;
				GCC_PREPROCESSOR_DEFINITIONS = (
					"DEBUG=1",
					"$(inherited)",
				);
				GCC_WARN_64_TO_32_BIT_CONVERSION = YES;
				GCC_WARN_ABOUT_RETURN_TYPE = YES_ERROR;
				GCC_WARN_UNDECLARED_SELECTOR = YES;
				GCC_WARN_UNINITIALIZED_AUTOS = YES_AGGRESSIVE;
				GCC_WARN_UNUSED_FUNCTION = YES;
				GCC_WARN_UNUSED_VARIABLE = YES;
				MACOSX_DEPLOYMENT_TARGET = 12.3;
				MTL_ENABLE_DEBUG_INFO = INCLUDE_SOURCE;
				MTL_FAST_MATH = YES;
				ONLY_ACTIVE_ARCH = YES;
				SDKROOT = macosx;
				SWIFT_ACTIVE_COMPILATION_CONDITIONS = DEBUG;
				SWIFT_OPTIMIZATION_LEVEL = "-Onone";
			};
			name = Debug;
		};
		8B3E2A5D2815CF4F000089BE /* Release */ = {
			isa = XCBuildConfiguration;
			buildSettings = {
				ALWAYS_SEARCH_USER_PATHS = NO;
				CLANG_ANALYZER_NONNULL = YES;
				CLANG_ANALYZER_NUMBER_OBJECT_CONVERSION = YES_AGGRESSIVE;
				CLANG_CXX_LANGUAGE_STANDARD = "gnu++17";
				CLANG_ENABLE_MODULES = YES;
				CLANG_ENABLE_OBJC_ARC = YES;
				CLANG_ENABLE_OBJC_WEAK = YES;
				CLANG_WARN_BLOCK_CAPTURE_AUTORELEASING = YES;
				CLANG_WARN_BOOL_CONVERSION = YES;
				CLANG_WARN_COMMA = YES;
				CLANG_WARN_CONSTANT_CONVERSION = YES;
				CLANG_WARN_DEPRECATED_OBJC_IMPLEMENTATIONS = YES;
				CLANG_WARN_DIRECT_OBJC_ISA_USAGE = YES_ERROR;
				CLANG_WARN_DOCUMENTATION_COMMENTS = YES;
				CLANG_WARN_EMPTY_BODY = YES;
				CLANG_WARN_ENUM_CONVERSION = YES;
				CLANG_WARN_INFINITE_RECURSION = YES;
				CLANG_WARN_INT_CONVERSION = YES;
				CLANG_WARN_NON_LITERAL_NULL_CONVERSION = YES;
				CLANG_WARN_OBJC_IMPLICIT_RETAIN_SELF = YES;
				CLANG_WARN_OBJC_LITERAL_CONVERSION = YES;
				CLANG_WARN_OBJC_ROOT_CLASS = YES_ERROR;
				CLANG_WARN_QUOTED_INCLUDE_IN_FRAMEWORK_HEADER = YES;
				CLANG_WARN_RANGE_LOOP_ANALYSIS = YES;
				CLANG_WARN_STRICT_PROTOTYPES = YES;
				CLANG_WARN_SUSPICIOUS_MOVE = YES;
				CLANG_WARN_UNGUARDED_AVAILABILITY = YES_AGGRESSIVE;
				CLANG_WARN_UNREACHABLE_CODE = YES;
				CLANG_WARN__DUPLICATE_METHOD_MATCH = YES;
				COPY_PHASE_STRIP = NO;
				DEBUG_INFORMATION_FORMAT = "dwarf-with-dsym";
				ENABLE_NS_ASSERTIONS = NO;
				ENABLE_STRICT_OBJC_MSGSEND = YES;
				GCC_C_LANGUAGE_STANDARD = gnu11;
				GCC_NO_COMMON_BLOCKS = YES;
				GCC_WARN_64_TO_32_BIT_CONVERSION = YES;
				GCC_WARN_ABOUT_RETURN_TYPE = YES_ERROR;
				GCC_WARN_UNDECLARED_SELECTOR = YES;
				GCC_WARN_UNINITIALIZED_AUTOS = YES_AGGRESSIVE;
				GCC_WARN_UNUSED_FUNCTION = YES;
				GCC_WARN_UNUSED_VARIABLE = YES;
				MACOSX_DEPLOYMENT_TARGET = 12.3;
				MTL_ENABLE_DEBUG_INFO = NO;
				MTL_FAST_MATH = YES;
				SDKROOT = macosx;
				SWIFT_COMPILATION_MODE = wholemodule;
				SWIFT_OPTIMIZATION_LEVEL = "-O";
			};
			name = Release;
		};
		8B3E2A5F2815CF4F000089BE /* Debug */ = {
			isa = XCBuildConfiguration;
			buildSettings = {
				ASSETCATALOG_COMPILER_APPICON_NAME = AppIcon;
				ASSETCATALOG_COMPILER_GLOBAL_ACCENT_COLOR_NAME = AccentColor;
				CODE_SIGN_ENTITLEMENTS = swiftui_challenge/swiftui_challenge.entitlements;
				CODE_SIGN_STYLE = Automatic;
				COMBINE_HIDPI_IMAGES = YES;
				CURRENT_PROJECT_VERSION = 1;
				DEVELOPMENT_ASSET_PATHS = "\"swiftui_challenge/Preview Content\"";
				DEVELOPMENT_TEAM = 8Q6U63H235;
				ENABLE_HARDENED_RUNTIME = YES;
				ENABLE_PREVIEWS = YES;
				GENERATE_INFOPLIST_FILE = YES;
				INFOPLIST_KEY_NSHumanReadableCopyright = "";
				LD_RUNPATH_SEARCH_PATHS = (
					"$(inherited)",
					"@executable_path/../Frameworks",
				);
				MARKETING_VERSION = 1.0;
				PRODUCT_BUNDLE_IDENTIFIER = "com.dolphilia.swiftui-challenge";
				PRODUCT_NAME = "$(TARGET_NAME)";
				SWIFT_EMIT_LOC_STRINGS = YES;
				SWIFT_VERSION = 5.0;
			};
			name = Debug;
		};
		8B3E2A602815CF4F000089BE /* Release */ = {
			isa = XCBuildConfiguration;
			buildSettings = {
				ASSETCATALOG_COMPILER_APPICON_NAME = AppIcon;
				ASSETCATALOG_COMPILER_GLOBAL_ACCENT_COLOR_NAME = AccentColor;
				CODE_SIGN_ENTITLEMENTS = swiftui_challenge/swiftui_challenge.entitlements;
				CODE_SIGN_STYLE = Automatic;
				COMBINE_HIDPI_IMAGES = YES;
				CURRENT_PROJECT_VERSION = 1;
				DEVELOPMENT_ASSET_PATHS = "\"swiftui_challenge/Preview Content\"";
				DEVELOPMENT_TEAM = 8Q6U63H235;
				ENABLE_HARDENED_RUNTIME = YES;
				ENABLE_PREVIEWS = YES;
				GENERATE_INFOPLIST_FILE = YES;
				INFOPLIST_KEY_NSHumanReadableCopyright = "";
				LD_RUNPATH_SEARCH_PATHS = (
					"$(inherited)",
					"@executable_path/../Frameworks",
				);
				MARKETING_VERSION = 1.0;
				PRODUCT_BUNDLE_IDENTIFIER = "com.dolphilia.swiftui-challenge";
				PRODUCT_NAME = "$(TARGET_NAME)";
				SWIFT_EMIT_LOC_STRINGS = YES;
				SWIFT_VERSION = 5.0;
			};
			name = Release;
		};
		8B3E2A622815CF4F000089BE /* Debug */ = {
			isa = XCBuildConfiguration;
			buildSettings = {
				ALWAYS_EMBED_SWIFT_STANDARD_LIBRARIES = YES;
				BUNDLE_LOADER = "$(TEST_HOST)";
				CODE_SIGN_STYLE = Automatic;
				CURRENT_PROJECT_VERSION = 1;
				DEVELOPMENT_TEAM = 8Q6U63H235;
				GENERATE_INFOPLIST_FILE = YES;
				MACOSX_DEPLOYMENT_TARGET = 12.3;
				MARKETING_VERSION = 1.0;
				PRODUCT_BUNDLE_IDENTIFIER = "com.dolphilia.swiftui-challengeTests";
				PRODUCT_NAME = "$(TARGET_NAME)";
				SWIFT_EMIT_LOC_STRINGS = NO;
				SWIFT_VERSION = 5.0;
				TEST_HOST = "$(BUILT_PRODUCTS_DIR)/swiftui_challenge.app/Contents/MacOS/swiftui_challenge";
			};
			name = Debug;
		};
		8B3E2A632815CF4F000089BE /* Release */ = {
			isa = XCBuildConfiguration;
			buildSettings = {
				ALWAYS_EMBED_SWIFT_STANDARD_LIBRARIES = YES;
				BUNDLE_LOADER = "$(TEST_HOST)";
				CODE_SIGN_STYLE = Automatic;
				CURRENT_PROJECT_VERSION = 1;
				DEVELOPMENT_TEAM = 8Q6U63H235;
				GENERATE_INFOPLIST_FILE = YES;
				MACOSX_DEPLOYMENT_TARGET = 12.3;
				MARKETING_VERSION = 1.0;
				PRODUCT_BUNDLE_IDENTIFIER = "com.dolphilia.swiftui-challengeTests";
				PRODUCT_NAME = "$(TARGET_NAME)";
				SWIFT_EMIT_LOC_STRINGS = NO;
				SWIFT_VERSION = 5.0;
				TEST_HOST = "$(BUILT_PRODUCTS_DIR)/swiftui_challenge.app/Contents/MacOS/swiftui_challenge";
			};
			name = Release;
		};
		8B3E2A652815CF4F000089BE /* Debug */ = {
			isa = XCBuildConfiguration;
			buildSettings = {
				ALWAYS_EMBED_SWIFT_STANDARD_LIBRARIES = YES;
				CODE_SIGN_STYLE = Automatic;
				CURRENT_PROJECT_VERSION = 1;
				DEVELOPMENT_TEAM = 8Q6U63H235;
				GENERATE_INFOPLIST_FILE = YES;
				MARKETING_VERSION = 1.0;
				PRODUCT_BUNDLE_IDENTIFIER = "com.dolphilia.swiftui-challengeUITests";
				PRODUCT_NAME = "$(TARGET_NAME)";
				SWIFT_EMIT_LOC_STRINGS = NO;
				SWIFT_VERSION = 5.0;
				TEST_TARGET_NAME = swiftui_challenge;
			};
			name = Debug;
		};
		8B3E2A662815CF4F000089BE /* Release */ = {
			isa = XCBuildConfiguration;
			buildSettings = {
				ALWAYS_EMBED_SWIFT_STANDARD_LIBRARIES = YES;
				CODE_SIGN_STYLE = Automatic;
				CURRENT_PROJECT_VERSION = 1;
				DEVELOPMENT_TEAM = 8Q6U63H235;
				GENERATE_INFOPLIST_FILE = YES;
				MARKETING_VERSION = 1.0;
				PRODUCT_BUNDLE_IDENTIFIER = "com.dolphilia.swiftui-challengeUITests";
				PRODUCT_NAME = "$(TARGET_NAME)";
				SWIFT_EMIT_LOC_STRINGS = NO;
				SWIFT_VERSION = 5.0;
				TEST_TARGET_NAME = swiftui_challenge;
			};
			name = Release;
		};
/* End XCBuildConfiguration section */

/* Begin XCConfigurationList section */
		8B3E2A342815CF4E000089BE /* Build configuration list for PBXProject "swiftui_challenge" */ = {
			isa = XCConfigurationList;
			buildConfigurations = (
				8B3E2A5C2815CF4F000089BE /* Debug */,
				8B3E2A5D2815CF4F000089BE /* Release */,
			);
			defaultConfigurationIsVisible = 0;
			defaultConfigurationName = Release;
		};
		8B3E2A5E2815CF4F000089BE /* Build configuration list for PBXNativeTarget "swiftui_challenge" */ = {
			isa = XCConfigurationList;
			buildConfigurations = (
				8B3E2A5F2815CF4F000089BE /* Debug */,
				8B3E2A602815CF4F000089BE /* Release */,
			);
			defaultConfigurationIsVisible = 0;
			defaultConfigurationName = Release;
		};
		8B3E2A612815CF4F000089BE /* Build configuration list for PBXNativeTarget "swiftui_challengeTests" */ = {
			isa = XCConfigurationList;
			buildConfigurations = (
				8B3E2A622815CF4F000089BE /* Debug */,
				8B3E2A632815CF4F000089BE /* Release */,
			);
			defaultConfigurationIsVisible = 0;
			defaultConfigurationName = Release;
		};
		8B3E2A642815CF4F000089BE /* Build configuration list for PBXNativeTarget "swiftui_challengeUITests" */ = {
			isa = XCConfigurationList;
			buildConfigurations = (
				8B3E2A652815CF4F000089BE /* Debug */,
				8B3E2A662815CF4F000089BE /* Release */,
			);
			defaultConfigurationIsVisible = 0;
			defaultConfigurationName = Release;
		};
/* End XCConfigurationList section */
	};
	rootObject = 8B3E2A312815CF4E000089BE /* Project object */;
}
