// !$*UTF8*$!
{
	archiveVersion = 1;
	classes = {
	};
	objectVersion = 46;
	objects = {

/* Begin PBXBuildFile section */
		8B719A141D8650A300F35EC5 /* AppDelegate.m in Sources */ = {isa = PBXBuildFile; fileRef = 8B719A131D8650A300F35EC5 /* AppDelegate.m */; };
		8B719A171D8650A300F35EC5 /* main.m in Sources */ = {isa = PBXBuildFile; fileRef = 8B719A161D8650A300F35EC5 /* main.m */; };
		8B719A1A1D8650A300F35EC5 /* ViewController.m in Sources */ = {isa = PBXBuildFile; fileRef = 8B719A191D8650A300F35EC5 /* ViewController.m */; };
		8B719A1C1D8650A300F35EC5 /* Assets.xcassets in Resources */ = {isa = PBXBuildFile; fileRef = 8B719A1B1D8650A300F35EC5 /* Assets.xcassets */; };
		8B719A1F1D8650A300F35EC5 /* Main.storyboard in Resources */ = {isa = PBXBuildFile; fileRef = 8B719A1D1D8650A300F35EC5 /* Main.storyboard */; };
		8B719A2A1D8650A300F35EC5 /* hspTests.m in Sources */ = {isa = PBXBuildFile; fileRef = 8B719A291D8650A300F35EC5 /* hspTests.m */; };
		8B719A351D8650A300F35EC5 /* hspUITests.m in Sources */ = {isa = PBXBuildFile; fileRef = 8B719A341D8650A300F35EC5 /* hspUITests.m */; };
		8B719A4A1D8651D000F35EC5 /* MyMidi.m in Sources */ = {isa = PBXBuildFile; fileRef = 8B719A491D8651D000F35EC5 /* MyMidi.m */; };
		8B719A4E1D8651FF00F35EC5 /* MyAudio.m in Sources */ = {isa = PBXBuildFile; fileRef = 8B719A4D1D8651FF00F35EC5 /* MyAudio.m */; };
		8B719A531D86520A00F35EC5 /* SineWave.m in Sources */ = {isa = PBXBuildFile; fileRef = 8B719A501D86520A00F35EC5 /* SineWave.m */; };
		8B719A541D86520A00F35EC5 /* SineWaveData.m in Sources */ = {isa = PBXBuildFile; fileRef = 8B719A521D86520A00F35EC5 /* SineWaveData.m */; };
		8B719A6A1D86521B00F35EC5 /* utility_math.c in Sources */ = {isa = PBXBuildFile; fileRef = 8B719A581D86521B00F35EC5 /* utility_math.c */; };
		8B719A6B1D86521B00F35EC5 /* utility_pixel.c in Sources */ = {isa = PBXBuildFile; fileRef = 8B719A5A1D86521B00F35EC5 /* utility_pixel.c */; };
		8B719A6C1D86521B00F35EC5 /* utility_picture.c in Sources */ = {isa = PBXBuildFile; fileRef = 8B719A5C1D86521B00F35EC5 /* utility_picture.c */; };
		8B719A6D1D86521B00F35EC5 /* d3module.m in Sources */ = {isa = PBXBuildFile; fileRef = 8B719A5E1D86521B00F35EC5 /* d3module.m */; };
		8B719A6F1D86521B00F35EC5 /* MyWindow.m in Sources */ = {isa = PBXBuildFile; fileRef = 8B719A621D86521B00F35EC5 /* MyWindow.m */; };
		8B719A711D86521B00F35EC5 /* MyView.m in Sources */ = {isa = PBXBuildFile; fileRef = 8B719A661D86521B00F35EC5 /* MyView.m */; };
		8B719A721D86521B00F35EC5 /* MyCALayer.m in Sources */ = {isa = PBXBuildFile; fileRef = 8B719A681D86521B00F35EC5 /* MyCALayer.m */; };
		8B719A781D86522900F35EC5 /* stb_image.c in Sources */ = {isa = PBXBuildFile; fileRef = 8B719A771D86522900F35EC5 /* stb_image.c */; };
		8B719A841D86523500F35EC5 /* hsp.mm in Sources */ = {isa = PBXBuildFile; fileRef = 8B719A7A1D86523500F35EC5 /* hsp.mm */; };
		8B719A851D86523500F35EC5 /* hsp3cl.mm in Sources */ = {isa = PBXBuildFile; fileRef = 8B719A7C1D86523500F35EC5 /* hsp3cl.mm */; };
		8B719A861D86523500F35EC5 /* hsp3gr.mm in Sources */ = {isa = PBXBuildFile; fileRef = 8B719A7F1D86523500F35EC5 /* hsp3gr.mm */; };
		8B719A871D86523500F35EC5 /* hsp3int.mm in Sources */ = {isa = PBXBuildFile; fileRef = 8B719A811D86523500F35EC5 /* hsp3int.mm */; };
		8B719A881D86523500F35EC5 /* dpmread.mm in Sources */ = {isa = PBXBuildFile; fileRef = 8B719A831D86523500F35EC5 /* dpmread.mm */; };
		8B719AA31D86524A00F35EC5 /* hsp3debug.mm in Sources */ = {isa = PBXBuildFile; fileRef = 8B719A8C1D86524A00F35EC5 /* hsp3debug.mm */; };
		8B719AA51D86524A00F35EC5 /* supio_hsp3.mm in Sources */ = {isa = PBXBuildFile; fileRef = 8B719A901D86524A00F35EC5 /* supio_hsp3.mm */; };
		8B719AA61D86524A00F35EC5 /* strbuf.mm in Sources */ = {isa = PBXBuildFile; fileRef = 8B719A921D86524A00F35EC5 /* strbuf.mm */; };
		8B719AA71D86524A00F35EC5 /* hspvar_core.mm in Sources */ = {isa = PBXBuildFile; fileRef = 8B719A941D86524A00F35EC5 /* hspvar_core.mm */; };
		8B719AA81D86524A00F35EC5 /* hspvar_double.mm in Sources */ = {isa = PBXBuildFile; fileRef = 8B719A951D86524A00F35EC5 /* hspvar_double.mm */; };
		8B719AA91D86524A00F35EC5 /* hspvar_int.mm in Sources */ = {isa = PBXBuildFile; fileRef = 8B719A961D86524A00F35EC5 /* hspvar_int.mm */; };
		8B719AAA1D86524A00F35EC5 /* hspvar_label.mm in Sources */ = {isa = PBXBuildFile; fileRef = 8B719A981D86524A00F35EC5 /* hspvar_label.mm */; };
		8B719AAB1D86524A00F35EC5 /* hspvar_str.mm in Sources */ = {isa = PBXBuildFile; fileRef = 8B719A991D86524A00F35EC5 /* hspvar_str.mm */; };
		8B719AAC1D86524A00F35EC5 /* hspvar_struct.mm in Sources */ = {isa = PBXBuildFile; fileRef = 8B719A9A1D86524A00F35EC5 /* hspvar_struct.mm */; };
		8B719AAD1D86524A00F35EC5 /* stack.mm in Sources */ = {isa = PBXBuildFile; fileRef = 8B719A9D1D86524A00F35EC5 /* stack.mm */; };
		8B7B03141DA78DCD004F4B68 /* utility_string.c in Sources */ = {isa = PBXBuildFile; fileRef = 8B7B03121DA78DCD004F4B68 /* utility_string.c */; };
/* End PBXBuildFile section */

/* Begin PBXContainerItemProxy section */
		8B719A261D8650A300F35EC5 /* PBXContainerItemProxy */ = {
			isa = PBXContainerItemProxy;
			containerPortal = 8B719A071D8650A300F35EC5 /* Project object */;
			proxyType = 1;
			remoteGlobalIDString = 8B719A0E1D8650A300F35EC5;
			remoteInfo = hsp;
		};
		8B719A311D8650A300F35EC5 /* PBXContainerItemProxy */ = {
			isa = PBXContainerItemProxy;
			containerPortal = 8B719A071D8650A300F35EC5 /* Project object */;
			proxyType = 1;
			remoteGlobalIDString = 8B719A0E1D8650A300F35EC5;
			remoteInfo = hsp;
		};
/* End PBXContainerItemProxy section */

/* Begin PBXFileReference section */
		8B6ABFCF1DA740D4004064B3 /* hspvar_double.h */ = {isa = PBXFileReference; lastKnownFileType = sourcecode.c.h; path = hspvar_double.h; sourceTree = "<group>"; };
		8B6ABFD01DA740E2004064B3 /* hspvar_int.h */ = {isa = PBXFileReference; lastKnownFileType = sourcecode.c.h; path = hspvar_int.h; sourceTree = "<group>"; };
		8B6ABFD11DA740EC004064B3 /* hspvar_str.h */ = {isa = PBXFileReference; lastKnownFileType = sourcecode.c.h; path = hspvar_str.h; sourceTree = "<group>"; };
		8B6ABFD21DA740F6004064B3 /* hspvar_struct.h */ = {isa = PBXFileReference; lastKnownFileType = sourcecode.c.h; path = hspvar_struct.h; sourceTree = "<group>"; };
		8B6ABFD31DA742D9004064B3 /* hspvar_core.h */ = {isa = PBXFileReference; lastKnownFileType = sourcecode.c.h; path = hspvar_core.h; sourceTree = "<group>"; };
		8B6ABFD41DA745E8004064B3 /* hsp3struct_var.h */ = {isa = PBXFileReference; lastKnownFileType = sourcecode.c.h; path = hsp3struct_var.h; sourceTree = "<group>"; };
		8B719A0F1D8650A300F35EC5 /* hsp.app */ = {isa = PBXFileReference; explicitFileType = wrapper.application; includeInIndex = 0; path = hsp.app; sourceTree = BUILT_PRODUCTS_DIR; };
		8B719A121D8650A300F35EC5 /* AppDelegate.h */ = {isa = PBXFileReference; lastKnownFileType = sourcecode.c.h; path = AppDelegate.h; sourceTree = "<group>"; };
		8B719A131D8650A300F35EC5 /* AppDelegate.m */ = {isa = PBXFileReference; lastKnownFileType = sourcecode.c.objc; path = AppDelegate.m; sourceTree = "<group>"; };
		8B719A161D8650A300F35EC5 /* main.m */ = {isa = PBXFileReference; lastKnownFileType = sourcecode.c.objc; path = main.m; sourceTree = "<group>"; };
		8B719A181D8650A300F35EC5 /* ViewController.h */ = {isa = PBXFileReference; lastKnownFileType = sourcecode.c.h; path = ViewController.h; sourceTree = "<group>"; };
		8B719A191D8650A300F35EC5 /* ViewController.m */ = {isa = PBXFileReference; lastKnownFileType = sourcecode.c.objc; path = ViewController.m; sourceTree = "<group>"; };
		8B719A1B1D8650A300F35EC5 /* Assets.xcassets */ = {isa = PBXFileReference; lastKnownFileType = folder.assetcatalog; path = Assets.xcassets; sourceTree = "<group>"; };
		8B719A1E1D8650A300F35EC5 /* Base */ = {isa = PBXFileReference; lastKnownFileType = file.storyboard; name = Base; path = Base.lproj/Main.storyboard; sourceTree = "<group>"; };
		8B719A201D8650A300F35EC5 /* Info.plist */ = {isa = PBXFileReference; lastKnownFileType = text.plist.xml; path = Info.plist; sourceTree = "<group>"; };
		8B719A251D8650A300F35EC5 /* hspTests.xctest */ = {isa = PBXFileReference; explicitFileType = wrapper.cfbundle; includeInIndex = 0; path = hspTests.xctest; sourceTree = BUILT_PRODUCTS_DIR; };
		8B719A291D8650A300F35EC5 /* hspTests.m */ = {isa = PBXFileReference; lastKnownFileType = sourcecode.c.objc; path = hspTests.m; sourceTree = "<group>"; };
		8B719A2B1D8650A300F35EC5 /* Info.plist */ = {isa = PBXFileReference; lastKnownFileType = text.plist.xml; path = Info.plist; sourceTree = "<group>"; };
		8B719A301D8650A300F35EC5 /* hspUITests.xctest */ = {isa = PBXFileReference; explicitFileType = wrapper.cfbundle; includeInIndex = 0; path = hspUITests.xctest; sourceTree = BUILT_PRODUCTS_DIR; };
		8B719A341D8650A300F35EC5 /* hspUITests.m */ = {isa = PBXFileReference; lastKnownFileType = sourcecode.c.objc; path = hspUITests.m; sourceTree = "<group>"; };
		8B719A361D8650A300F35EC5 /* Info.plist */ = {isa = PBXFileReference; lastKnownFileType = text.plist.xml; path = Info.plist; sourceTree = "<group>"; };
		8B719A481D8651D000F35EC5 /* MyMidi.h */ = {isa = PBXFileReference; fileEncoding = 4; lastKnownFileType = sourcecode.c.h; path = MyMidi.h; sourceTree = "<group>"; };
		8B719A491D8651D000F35EC5 /* MyMidi.m */ = {isa = PBXFileReference; fileEncoding = 4; lastKnownFileType = sourcecode.c.objc; path = MyMidi.m; sourceTree = "<group>"; };
		8B719A4C1D8651FF00F35EC5 /* MyAudio.h */ = {isa = PBXFileReference; fileEncoding = 4; lastKnownFileType = sourcecode.c.h; path = MyAudio.h; sourceTree = "<group>"; };
		8B719A4D1D8651FF00F35EC5 /* MyAudio.m */ = {isa = PBXFileReference; fileEncoding = 4; lastKnownFileType = sourcecode.c.objc; path = MyAudio.m; sourceTree = "<group>"; };
		8B719A4F1D86520A00F35EC5 /* SineWave.h */ = {isa = PBXFileReference; fileEncoding = 4; lastKnownFileType = sourcecode.c.h; path = SineWave.h; sourceTree = "<group>"; };
		8B719A501D86520A00F35EC5 /* SineWave.m */ = {isa = PBXFileReference; fileEncoding = 4; lastKnownFileType = sourcecode.c.objc; path = SineWave.m; sourceTree = "<group>"; };
		8B719A511D86520A00F35EC5 /* SineWaveData.h */ = {isa = PBXFileReference; fileEncoding = 4; lastKnownFileType = sourcecode.c.h; path = SineWaveData.h; sourceTree = "<group>"; };
		8B719A521D86520A00F35EC5 /* SineWaveData.m */ = {isa = PBXFileReference; fileEncoding = 4; lastKnownFileType = sourcecode.c.objc; path = SineWaveData.m; sourceTree = "<group>"; };
		8B719A571D86521B00F35EC5 /* utility_math.h */ = {isa = PBXFileReference; fileEncoding = 4; lastKnownFileType = sourcecode.c.h; path = utility_math.h; sourceTree = "<group>"; };
		8B719A581D86521B00F35EC5 /* utility_math.c */ = {isa = PBXFileReference; fileEncoding = 4; lastKnownFileType = sourcecode.c.c; path = utility_math.c; sourceTree = "<group>"; };
		8B719A591D86521B00F35EC5 /* utility_pixel.h */ = {isa = PBXFileReference; fileEncoding = 4; lastKnownFileType = sourcecode.c.h; path = utility_pixel.h; sourceTree = "<group>"; };
		8B719A5A1D86521B00F35EC5 /* utility_pixel.c */ = {isa = PBXFileReference; fileEncoding = 4; lastKnownFileType = sourcecode.c.c; path = utility_pixel.c; sourceTree = "<group>"; };
		8B719A5B1D86521B00F35EC5 /* utility_picture.h */ = {isa = PBXFileReference; fileEncoding = 4; lastKnownFileType = sourcecode.c.h; path = utility_picture.h; sourceTree = "<group>"; };
		8B719A5C1D86521B00F35EC5 /* utility_picture.c */ = {isa = PBXFileReference; fileEncoding = 4; lastKnownFileType = sourcecode.c.c; path = utility_picture.c; sourceTree = "<group>"; };
		8B719A5D1D86521B00F35EC5 /* d3module.h */ = {isa = PBXFileReference; fileEncoding = 4; lastKnownFileType = sourcecode.c.h; path = d3module.h; sourceTree = "<group>"; };
		8B719A5E1D86521B00F35EC5 /* d3module.m */ = {isa = PBXFileReference; fileEncoding = 4; lastKnownFileType = sourcecode.c.objc; path = d3module.m; sourceTree = "<group>"; };
		8B719A611D86521B00F35EC5 /* MyWindow.h */ = {isa = PBXFileReference; fileEncoding = 4; lastKnownFileType = sourcecode.c.h; path = MyWindow.h; sourceTree = "<group>"; };
		8B719A621D86521B00F35EC5 /* MyWindow.m */ = {isa = PBXFileReference; fileEncoding = 4; lastKnownFileType = sourcecode.c.objc; path = MyWindow.m; sourceTree = "<group>"; };
		8B719A651D86521B00F35EC5 /* MyView.h */ = {isa = PBXFileReference; fileEncoding = 4; lastKnownFileType = sourcecode.c.h; path = MyView.h; sourceTree = "<group>"; };
		8B719A661D86521B00F35EC5 /* MyView.m */ = {isa = PBXFileReference; fileEncoding = 4; lastKnownFileType = sourcecode.c.objc; path = MyView.m; sourceTree = "<group>"; };
		8B719A671D86521B00F35EC5 /* MyCALayer.h */ = {isa = PBXFileReference; fileEncoding = 4; lastKnownFileType = sourcecode.c.h; path = MyCALayer.h; sourceTree = "<group>"; };
		8B719A681D86521B00F35EC5 /* MyCALayer.m */ = {isa = PBXFileReference; fileEncoding = 4; lastKnownFileType = sourcecode.c.objc; path = MyCALayer.m; sourceTree = "<group>"; };
		8B719A731D86522900F35EC5 /* stb.h */ = {isa = PBXFileReference; fileEncoding = 4; lastKnownFileType = sourcecode.c.h; path = stb.h; sourceTree = "<group>"; };
		8B719A741D86522900F35EC5 /* stb_image_resize.h */ = {isa = PBXFileReference; fileEncoding = 4; lastKnownFileType = sourcecode.c.h; path = stb_image_resize.h; sourceTree = "<group>"; };
		8B719A751D86522900F35EC5 /* stb_image_write.h */ = {isa = PBXFileReference; fileEncoding = 4; lastKnownFileType = sourcecode.c.h; path = stb_image_write.h; sourceTree = "<group>"; };
		8B719A761D86522900F35EC5 /* stb_image.h */ = {isa = PBXFileReference; fileEncoding = 4; lastKnownFileType = sourcecode.c.h; path = stb_image.h; sourceTree = "<group>"; };
		8B719A771D86522900F35EC5 /* stb_image.c */ = {isa = PBXFileReference; fileEncoding = 4; lastKnownFileType = sourcecode.c.c; path = stb_image.c; sourceTree = "<group>"; };
		8B719A791D86523500F35EC5 /* hsp.h */ = {isa = PBXFileReference; fileEncoding = 4; lastKnownFileType = sourcecode.c.h; path = hsp.h; sourceTree = "<group>"; };
		8B719A7A1D86523500F35EC5 /* hsp.mm */ = {isa = PBXFileReference; fileEncoding = 4; lastKnownFileType = sourcecode.cpp.objcpp; path = hsp.mm; sourceTree = "<group>"; };
		8B719A7B1D86523500F35EC5 /* hsp3cl.h */ = {isa = PBXFileReference; fileEncoding = 4; lastKnownFileType = sourcecode.c.h; path = hsp3cl.h; sourceTree = "<group>"; };
		8B719A7C1D86523500F35EC5 /* hsp3cl.mm */ = {isa = PBXFileReference; fileEncoding = 4; lastKnownFileType = sourcecode.cpp.objcpp; path = hsp3cl.mm; sourceTree = "<group>"; };
		8B719A7E1D86523500F35EC5 /* hsp3gr.h */ = {isa = PBXFileReference; fileEncoding = 4; lastKnownFileType = sourcecode.c.h; path = hsp3gr.h; sourceTree = "<group>"; };
		8B719A7F1D86523500F35EC5 /* hsp3gr.mm */ = {isa = PBXFileReference; fileEncoding = 4; lastKnownFileType = sourcecode.cpp.objcpp; path = hsp3gr.mm; sourceTree = "<group>"; };
		8B719A801D86523500F35EC5 /* hsp3int.h */ = {isa = PBXFileReference; fileEncoding = 4; lastKnownFileType = sourcecode.c.h; path = hsp3int.h; sourceTree = "<group>"; };
		8B719A811D86523500F35EC5 /* hsp3int.mm */ = {isa = PBXFileReference; fileEncoding = 4; lastKnownFileType = sourcecode.cpp.objcpp; path = hsp3int.mm; sourceTree = "<group>"; };
		8B719A821D86523500F35EC5 /* dpmread.h */ = {isa = PBXFileReference; fileEncoding = 4; lastKnownFileType = sourcecode.c.h; path = dpmread.h; sourceTree = "<group>"; };
		8B719A831D86523500F35EC5 /* dpmread.mm */ = {isa = PBXFileReference; fileEncoding = 4; lastKnownFileType = sourcecode.cpp.objcpp; path = dpmread.mm; sourceTree = "<group>"; };
		8B719A891D86524A00F35EC5 /* hsp3config.h */ = {isa = PBXFileReference; fileEncoding = 4; lastKnownFileType = sourcecode.c.h; path = hsp3config.h; sourceTree = "<group>"; };
		8B719A8A1D86524A00F35EC5 /* hsp3struct.h */ = {isa = PBXFileReference; fileEncoding = 4; lastKnownFileType = sourcecode.c.h; path = hsp3struct.h; sourceTree = "<group>"; };
		8B719A8B1D86524A00F35EC5 /* hsp3debug.h */ = {isa = PBXFileReference; fileEncoding = 4; lastKnownFileType = sourcecode.c.h; path = hsp3debug.h; sourceTree = "<group>"; };
		8B719A8C1D86524A00F35EC5 /* hsp3debug.mm */ = {isa = PBXFileReference; fileEncoding = 4; lastKnownFileType = sourcecode.cpp.objcpp; path = hsp3debug.mm; sourceTree = "<group>"; };
		8B719A8F1D86524A00F35EC5 /* supio_hsp3.h */ = {isa = PBXFileReference; fileEncoding = 4; lastKnownFileType = sourcecode.c.h; path = supio_hsp3.h; sourceTree = "<group>"; };
		8B719A901D86524A00F35EC5 /* supio_hsp3.mm */ = {isa = PBXFileReference; fileEncoding = 4; lastKnownFileType = sourcecode.cpp.objcpp; path = supio_hsp3.mm; sourceTree = "<group>"; };
		8B719A911D86524A00F35EC5 /* strbuf.h */ = {isa = PBXFileReference; fileEncoding = 4; lastKnownFileType = sourcecode.c.h; path = strbuf.h; sourceTree = "<group>"; };
		8B719A921D86524A00F35EC5 /* strbuf.mm */ = {isa = PBXFileReference; fileEncoding = 4; lastKnownFileType = sourcecode.cpp.objcpp; path = strbuf.mm; sourceTree = "<group>"; };
		8B719A941D86524A00F35EC5 /* hspvar_core.mm */ = {isa = PBXFileReference; fileEncoding = 4; lastKnownFileType = sourcecode.cpp.objcpp; path = hspvar_core.mm; sourceTree = "<group>"; };
		8B719A951D86524A00F35EC5 /* hspvar_double.mm */ = {isa = PBXFileReference; fileEncoding = 4; lastKnownFileType = sourcecode.cpp.objcpp; path = hspvar_double.mm; sourceTree = "<group>"; };
		8B719A961D86524A00F35EC5 /* hspvar_int.mm */ = {isa = PBXFileReference; fileEncoding = 4; lastKnownFileType = sourcecode.cpp.objcpp; path = hspvar_int.mm; sourceTree = "<group>"; };
		8B719A971D86524A00F35EC5 /* hspvar_label.h */ = {isa = PBXFileReference; fileEncoding = 4; lastKnownFileType = sourcecode.c.h; path = hspvar_label.h; sourceTree = "<group>"; };
		8B719A981D86524A00F35EC5 /* hspvar_label.mm */ = {isa = PBXFileReference; fileEncoding = 4; lastKnownFileType = sourcecode.cpp.objcpp; path = hspvar_label.mm; sourceTree = "<group>"; };
		8B719A991D86524A00F35EC5 /* hspvar_str.mm */ = {isa = PBXFileReference; fileEncoding = 4; lastKnownFileType = sourcecode.cpp.objcpp; path = hspvar_str.mm; sourceTree = "<group>"; };
		8B719A9A1D86524A00F35EC5 /* hspvar_struct.mm */ = {isa = PBXFileReference; fileEncoding = 4; lastKnownFileType = sourcecode.cpp.objcpp; path = hspvar_struct.mm; sourceTree = "<group>"; };
		8B719A9B1D86524A00F35EC5 /* hspwnd_linux.h */ = {isa = PBXFileReference; fileEncoding = 4; lastKnownFileType = sourcecode.c.h; path = hspwnd_linux.h; sourceTree = "<group>"; };
		8B719A9C1D86524A00F35EC5 /* stack.h */ = {isa = PBXFileReference; fileEncoding = 4; lastKnownFileType = sourcecode.c.h; path = stack.h; sourceTree = "<group>"; };
		8B719A9D1D86524A00F35EC5 /* stack.mm */ = {isa = PBXFileReference; fileEncoding = 4; lastKnownFileType = sourcecode.cpp.objcpp; path = stack.mm; sourceTree = "<group>"; };
		8B719AB01D86525600F35EC5 /* debug_message.h */ = {isa = PBXFileReference; lastKnownFileType = sourcecode.c.h; path = debug_message.h; sourceTree = "<group>"; };
		8B739AA21DC1EB4F00B0EA30 /* hsp3struct_debug.h */ = {isa = PBXFileReference; lastKnownFileType = sourcecode.c.h; path = hsp3struct_debug.h; sourceTree = "<group>"; };
		8B7B03121DA78DCD004F4B68 /* utility_string.c */ = {isa = PBXFileReference; fileEncoding = 4; lastKnownFileType = sourcecode.c.c; path = utility_string.c; sourceTree = "<group>"; };
		8B7B03131DA78DCD004F4B68 /* utility_string.h */ = {isa = PBXFileReference; fileEncoding = 4; lastKnownFileType = sourcecode.c.h; path = utility_string.h; sourceTree = "<group>"; };
/* End PBXFileReference section */

/* Begin PBXFrameworksBuildPhase section */
		8B719A0C1D8650A300F35EC5 /* Frameworks */ = {
			isa = PBXFrameworksBuildPhase;
			buildActionMask = 2147483647;
			files = (
			);
			runOnlyForDeploymentPostprocessing = 0;
		};
		8B719A221D8650A300F35EC5 /* Frameworks */ = {
			isa = PBXFrameworksBuildPhase;
			buildActionMask = 2147483647;
			files = (
			);
			runOnlyForDeploymentPostprocessing = 0;
		};
		8B719A2D1D8650A300F35EC5 /* Frameworks */ = {
			isa = PBXFrameworksBuildPhase;
			buildActionMask = 2147483647;
			files = (
			);
			runOnlyForDeploymentPostprocessing = 0;
		};
/* End PBXFrameworksBuildPhase section */

/* Begin PBXGroup section */
		8B719A061D8650A300F35EC5 = {
			isa = PBXGroup;
			children = (
				8B719A111D8650A300F35EC5 /* hsp */,
				8B719A281D8650A300F35EC5 /* hspTests */,
				8B719A331D8650A300F35EC5 /* hspUITests */,
				8B719A101D8650A300F35EC5 /* Products */,
			);
			sourceTree = "<group>";
		};
		8B719A101D8650A300F35EC5 /* Products */ = {
			isa = PBXGroup;
			children = (
				8B719A0F1D8650A300F35EC5 /* hsp.app */,
				8B719A251D8650A300F35EC5 /* hspTests.xctest */,
				8B719A301D8650A300F35EC5 /* hspUITests.xctest */,
			);
			name = Products;
			sourceTree = "<group>";
		};
		8B719A111D8650A300F35EC5 /* hsp */ = {
			isa = PBXGroup;
			children = (
				8B719AB01D86525600F35EC5 /* debug_message.h */,
				8B719A121D8650A300F35EC5 /* AppDelegate.h */,
				8B719A131D8650A300F35EC5 /* AppDelegate.m */,
				8B719A181D8650A300F35EC5 /* ViewController.h */,
				8B719A191D8650A300F35EC5 /* ViewController.m */,
				8B719A471D86519E00F35EC5 /* stb_image */,
				8B7B03111DA78DA9004F4B68 /* utility */,
				8B719A421D8650DC00F35EC5 /* hsp_header */,
				8B719A431D8650EE00F35EC5 /* view_controller */,
				8B719A461D86519600F35EC5 /* views */,
				8B719A451D86518200F35EC5 /* q_audio */,
				8B719A4B1D8651E500F35EC5 /* audio */,
				8B719A441D86517400F35EC5 /* midi */,
				8B719A1B1D8650A300F35EC5 /* Assets.xcassets */,
				8B719A1D1D8650A300F35EC5 /* Main.storyboard */,
				8B719A201D8650A300F35EC5 /* Info.plist */,
				8B719A151D8650A300F35EC5 /* Supporting Files */,
			);
			path = hsp;
			sourceTree = "<group>";
		};
		8B719A151D8650A300F35EC5 /* Supporting Files */ = {
			isa = PBXGroup;
			children = (
				8B719A161D8650A300F35EC5 /* main.m */,
			);
			name = "Supporting Files";
			sourceTree = "<group>";
		};
		8B719A281D8650A300F35EC5 /* hspTests */ = {
			isa = PBXGroup;
			children = (
				8B719A291D8650A300F35EC5 /* hspTests.m */,
				8B719A2B1D8650A300F35EC5 /* Info.plist */,
			);
			path = hspTests;
			sourceTree = "<group>";
		};
		8B719A331D8650A300F35EC5 /* hspUITests */ = {
			isa = PBXGroup;
			children = (
				8B719A341D8650A300F35EC5 /* hspUITests.m */,
				8B719A361D8650A300F35EC5 /* Info.plist */,
			);
			path = hspUITests;
			sourceTree = "<group>";
		};
		8B719A421D8650DC00F35EC5 /* hsp_header */ = {
			isa = PBXGroup;
			children = (
				8B719A891D86524A00F35EC5 /* hsp3config.h */,
				8B719A8A1D86524A00F35EC5 /* hsp3struct.h */,
				8B6ABFD41DA745E8004064B3 /* hsp3struct_var.h */,
				8B739AA21DC1EB4F00B0EA30 /* hsp3struct_debug.h */,
				8B719A9B1D86524A00F35EC5 /* hspwnd_linux.h */,
			);
			name = hsp_header;
			sourceTree = "<group>";
		};
		8B719A431D8650EE00F35EC5 /* view_controller */ = {
			isa = PBXGroup;
			children = (
				8B719A791D86523500F35EC5 /* hsp.h */,
				8B719A7A1D86523500F35EC5 /* hsp.mm */,
				8B719A7B1D86523500F35EC5 /* hsp3cl.h */,
				8B719A7C1D86523500F35EC5 /* hsp3cl.mm */,
				8B719A7E1D86523500F35EC5 /* hsp3gr.h */,
				8B719A7F1D86523500F35EC5 /* hsp3gr.mm */,
				8B719A801D86523500F35EC5 /* hsp3int.h */,
				8B719A811D86523500F35EC5 /* hsp3int.mm */,
				8B719A9C1D86524A00F35EC5 /* stack.h */,
				8B719A9D1D86524A00F35EC5 /* stack.mm */,
				8B719A821D86523500F35EC5 /* dpmread.h */,
				8B719A831D86523500F35EC5 /* dpmread.mm */,
				8B719A8B1D86524A00F35EC5 /* hsp3debug.h */,
				8B719A8C1D86524A00F35EC5 /* hsp3debug.mm */,
				8B719A8F1D86524A00F35EC5 /* supio_hsp3.h */,
				8B719A901D86524A00F35EC5 /* supio_hsp3.mm */,
				8B719A911D86524A00F35EC5 /* strbuf.h */,
				8B719A921D86524A00F35EC5 /* strbuf.mm */,
				8B6ABFD31DA742D9004064B3 /* hspvar_core.h */,
				8B719A941D86524A00F35EC5 /* hspvar_core.mm */,
				8B6ABFCF1DA740D4004064B3 /* hspvar_double.h */,
				8B719A951D86524A00F35EC5 /* hspvar_double.mm */,
				8B6ABFD01DA740E2004064B3 /* hspvar_int.h */,
				8B719A961D86524A00F35EC5 /* hspvar_int.mm */,
				8B6ABFD11DA740EC004064B3 /* hspvar_str.h */,
				8B719A991D86524A00F35EC5 /* hspvar_str.mm */,
				8B6ABFD21DA740F6004064B3 /* hspvar_struct.h */,
				8B719A9A1D86524A00F35EC5 /* hspvar_struct.mm */,
				8B719A971D86524A00F35EC5 /* hspvar_label.h */,
				8B719A981D86524A00F35EC5 /* hspvar_label.mm */,
			);
			name = view_controller;
			sourceTree = "<group>";
		};
		8B719A441D86517400F35EC5 /* midi */ = {
			isa = PBXGroup;
			children = (
				8B719A481D8651D000F35EC5 /* MyMidi.h */,
				8B719A491D8651D000F35EC5 /* MyMidi.m */,
			);
			name = midi;
			sourceTree = "<group>";
		};
		8B719A451D86518200F35EC5 /* q_audio */ = {
			isa = PBXGroup;
			children = (
				8B719A4F1D86520A00F35EC5 /* SineWave.h */,
				8B719A501D86520A00F35EC5 /* SineWave.m */,
				8B719A511D86520A00F35EC5 /* SineWaveData.h */,
				8B719A521D86520A00F35EC5 /* SineWaveData.m */,
			);
			name = q_audio;
			sourceTree = "<group>";
		};
		8B719A461D86519600F35EC5 /* views */ = {
			isa = PBXGroup;
			children = (
				8B719A5D1D86521B00F35EC5 /* d3module.h */,
				8B719A5E1D86521B00F35EC5 /* d3module.m */,
				8B719A611D86521B00F35EC5 /* MyWindow.h */,
				8B719A621D86521B00F35EC5 /* MyWindow.m */,
				8B719A651D86521B00F35EC5 /* MyView.h */,
				8B719A661D86521B00F35EC5 /* MyView.m */,
				8B719A671D86521B00F35EC5 /* MyCALayer.h */,
				8B719A681D86521B00F35EC5 /* MyCALayer.m */,
			);
			name = views;
			sourceTree = "<group>";
		};
		8B719A471D86519E00F35EC5 /* stb_image */ = {
			isa = PBXGroup;
			children = (
				8B719A731D86522900F35EC5 /* stb.h */,
				8B719A741D86522900F35EC5 /* stb_image_resize.h */,
				8B719A751D86522900F35EC5 /* stb_image_write.h */,
				8B719A761D86522900F35EC5 /* stb_image.h */,
				8B719A771D86522900F35EC5 /* stb_image.c */,
			);
			name = stb_image;
			sourceTree = "<group>";
		};
		8B719A4B1D8651E500F35EC5 /* audio */ = {
			isa = PBXGroup;
			children = (
				8B719A4C1D8651FF00F35EC5 /* MyAudio.h */,
				8B719A4D1D8651FF00F35EC5 /* MyAudio.m */,
			);
			name = audio;
			sourceTree = "<group>";
		};
		8B7B03111DA78DA9004F4B68 /* utility */ = {
			isa = PBXGroup;
			children = (
				8B7B03131DA78DCD004F4B68 /* utility_string.h */,
				8B7B03121DA78DCD004F4B68 /* utility_string.c */,
				8B719A571D86521B00F35EC5 /* utility_math.h */,
				8B719A581D86521B00F35EC5 /* utility_math.c */,
				8B719A591D86521B00F35EC5 /* utility_pixel.h */,
				8B719A5A1D86521B00F35EC5 /* utility_pixel.c */,
				8B719A5B1D86521B00F35EC5 /* utility_picture.h */,
				8B719A5C1D86521B00F35EC5 /* utility_picture.c */,
			);
			name = utility;
			sourceTree = "<group>";
		};
/* End PBXGroup section */

/* Begin PBXNativeTarget section */
		8B719A0E1D8650A300F35EC5 /* hsp */ = {
			isa = PBXNativeTarget;
			buildConfigurationList = 8B719A391D8650A300F35EC5 /* Build configuration list for PBXNativeTarget "hsp" */;
			buildPhases = (
				8B719A0B1D8650A300F35EC5 /* Sources */,
				8B719A0C1D8650A300F35EC5 /* Frameworks */,
				8B719A0D1D8650A300F35EC5 /* Resources */,
			);
			buildRules = (
			);
			dependencies = (
			);
			name = hsp;
			productName = hsp;
			productReference = 8B719A0F1D8650A300F35EC5 /* hsp.app */;
			productType = "com.apple.product-type.application";
		};
		8B719A241D8650A300F35EC5 /* hspTests */ = {
			isa = PBXNativeTarget;
			buildConfigurationList = 8B719A3C1D8650A300F35EC5 /* Build configuration list for PBXNativeTarget "hspTests" */;
			buildPhases = (
				8B719A211D8650A300F35EC5 /* Sources */,
				8B719A221D8650A300F35EC5 /* Frameworks */,
				8B719A231D8650A300F35EC5 /* Resources */,
			);
			buildRules = (
			);
			dependencies = (
				8B719A271D8650A300F35EC5 /* PBXTargetDependency */,
			);
			name = hspTests;
			productName = hspTests;
			productReference = 8B719A251D8650A300F35EC5 /* hspTests.xctest */;
			productType = "com.apple.product-type.bundle.unit-test";
		};
		8B719A2F1D8650A300F35EC5 /* hspUITests */ = {
			isa = PBXNativeTarget;
			buildConfigurationList = 8B719A3F1D8650A300F35EC5 /* Build configuration list for PBXNativeTarget "hspUITests" */;
			buildPhases = (
				8B719A2C1D8650A300F35EC5 /* Sources */,
				8B719A2D1D8650A300F35EC5 /* Frameworks */,
				8B719A2E1D8650A300F35EC5 /* Resources */,
			);
			buildRules = (
			);
			dependencies = (
				8B719A321D8650A300F35EC5 /* PBXTargetDependency */,
			);
			name = hspUITests;
			productName = hspUITests;
			productReference = 8B719A301D8650A300F35EC5 /* hspUITests.xctest */;
			productType = "com.apple.product-type.bundle.ui-testing";
		};
/* End PBXNativeTarget section */

/* Begin PBXProject section */
		8B719A071D8650A300F35EC5 /* Project object */ = {
			isa = PBXProject;
			attributes = {
				LastUpgradeCheck = 0800;
				ORGANIZATIONNAME = dolphilia;
				TargetAttributes = {
					8B719A0E1D8650A300F35EC5 = {
						CreatedOnToolsVersion = 7.3.1;
						DevelopmentTeam = 8Q6U63H235;
						ProvisioningStyle = Automatic;
					};
					8B719A241D8650A300F35EC5 = {
						CreatedOnToolsVersion = 7.3.1;
						TestTargetID = 8B719A0E1D8650A300F35EC5;
					};
					8B719A2F1D8650A300F35EC5 = {
						CreatedOnToolsVersion = 7.3.1;
						TestTargetID = 8B719A0E1D8650A300F35EC5;
					};
				};
			};
			buildConfigurationList = 8B719A0A1D8650A300F35EC5 /* Build configuration list for PBXProject "hsp" */;
			compatibilityVersion = "Xcode 3.2";
			developmentRegion = English;
			hasScannedForEncodings = 0;
			knownRegions = (
				English,
				en,
				Base,
			);
			mainGroup = 8B719A061D8650A300F35EC5;
			productRefGroup = 8B719A101D8650A300F35EC5 /* Products */;
			projectDirPath = "";
			projectRoot = "";
			targets = (
				8B719A0E1D8650A300F35EC5 /* hsp */,
				8B719A241D8650A300F35EC5 /* hspTests */,
				8B719A2F1D8650A300F35EC5 /* hspUITests */,
			);
		};
/* End PBXProject section */

/* Begin PBXResourcesBuildPhase section */
		8B719A0D1D8650A300F35EC5 /* Resources */ = {
			isa = PBXResourcesBuildPhase;
			buildActionMask = 2147483647;
			files = (
				8B719A1C1D8650A300F35EC5 /* Assets.xcassets in Resources */,
				8B719A1F1D8650A300F35EC5 /* Main.storyboard in Resources */,
			);
			runOnlyForDeploymentPostprocessing = 0;
		};
		8B719A231D8650A300F35EC5 /* Resources */ = {
			isa = PBXResourcesBuildPhase;
			buildActionMask = 2147483647;
			files = (
			);
			runOnlyForDeploymentPostprocessing = 0;
		};
		8B719A2E1D8650A300F35EC5 /* Resources */ = {
			isa = PBXResourcesBuildPhase;
			buildActionMask = 2147483647;
			files = (
			);
			runOnlyForDeploymentPostprocessing = 0;
		};
/* End PBXResourcesBuildPhase section */

/* Begin PBXSourcesBuildPhase section */
		8B719A0B1D8650A300F35EC5 /* Sources */ = {
			isa = PBXSourcesBuildPhase;
			buildActionMask = 2147483647;
			files = (
				8B719A4A1D8651D000F35EC5 /* MyMidi.m in Sources */,
				8B719AAB1D86524A00F35EC5 /* hspvar_str.mm in Sources */,
				8B719A721D86521B00F35EC5 /* MyCALayer.m in Sources */,
				8B719A6F1D86521B00F35EC5 /* MyWindow.m in Sources */,
				8B719A1A1D8650A300F35EC5 /* ViewController.m in Sources */,
				8B719A171D8650A300F35EC5 /* main.m in Sources */,
				8B719A711D86521B00F35EC5 /* MyView.m in Sources */,
				8B7B03141DA78DCD004F4B68 /* utility_string.c in Sources */,
				8B719A6C1D86521B00F35EC5 /* utility_picture.c in Sources */,
				8B719AA31D86524A00F35EC5 /* hsp3debug.mm in Sources */,
				8B719A861D86523500F35EC5 /* hsp3gr.mm in Sources */,
				8B719AAA1D86524A00F35EC5 /* hspvar_label.mm in Sources */,
				8B719A841D86523500F35EC5 /* hsp.mm in Sources */,
				8B719A881D86523500F35EC5 /* dpmread.mm in Sources */,
				8B719AA71D86524A00F35EC5 /* hspvar_core.mm in Sources */,
				8B719A6B1D86521B00F35EC5 /* utility_pixel.c in Sources */,
				8B719A6A1D86521B00F35EC5 /* utility_math.c in Sources */,
				8B719A6D1D86521B00F35EC5 /* d3module.m in Sources */,
				8B719A531D86520A00F35EC5 /* SineWave.m in Sources */,
				8B719AA51D86524A00F35EC5 /* supio_hsp3.mm in Sources */,
				8B719AA61D86524A00F35EC5 /* strbuf.mm in Sources */,
				8B719A871D86523500F35EC5 /* hsp3int.mm in Sources */,
				8B719AA81D86524A00F35EC5 /* hspvar_double.mm in Sources */,
				8B719AA91D86524A00F35EC5 /* hspvar_int.mm in Sources */,
				8B719A851D86523500F35EC5 /* hsp3cl.mm in Sources */,
				8B719A4E1D8651FF00F35EC5 /* MyAudio.m in Sources */,
				8B719A141D8650A300F35EC5 /* AppDelegate.m in Sources */,
				8B719A541D86520A00F35EC5 /* SineWaveData.m in Sources */,
				8B719A781D86522900F35EC5 /* stb_image.c in Sources */,
				8B719AAD1D86524A00F35EC5 /* stack.mm in Sources */,
				8B719AAC1D86524A00F35EC5 /* hspvar_struct.mm in Sources */,
			);
			runOnlyForDeploymentPostprocessing = 0;
		};
		8B719A211D8650A300F35EC5 /* Sources */ = {
			isa = PBXSourcesBuildPhase;
			buildActionMask = 2147483647;
			files = (
				8B719A2A1D8650A300F35EC5 /* hspTests.m in Sources */,
			);
			runOnlyForDeploymentPostprocessing = 0;
		};
		8B719A2C1D8650A300F35EC5 /* Sources */ = {
			isa = PBXSourcesBuildPhase;
			buildActionMask = 2147483647;
			files = (
				8B719A351D8650A300F35EC5 /* hspUITests.m in Sources */,
			);
			runOnlyForDeploymentPostprocessing = 0;
		};
/* End PBXSourcesBuildPhase section */

/* Begin PBXTargetDependency section */
		8B719A271D8650A300F35EC5 /* PBXTargetDependency */ = {
			isa = PBXTargetDependency;
			target = 8B719A0E1D8650A300F35EC5 /* hsp */;
			targetProxy = 8B719A261D8650A300F35EC5 /* PBXContainerItemProxy */;
		};
		8B719A321D8650A300F35EC5 /* PBXTargetDependency */ = {
			isa = PBXTargetDependency;
			target = 8B719A0E1D8650A300F35EC5 /* hsp */;
			targetProxy = 8B719A311D8650A300F35EC5 /* PBXContainerItemProxy */;
		};
/* End PBXTargetDependency section */

/* Begin PBXVariantGroup section */
		8B719A1D1D8650A300F35EC5 /* Main.storyboard */ = {
			isa = PBXVariantGroup;
			children = (
				8B719A1E1D8650A300F35EC5 /* Base */,
			);
			name = Main.storyboard;
			sourceTree = "<group>";
		};
/* End PBXVariantGroup section */

/* Begin XCBuildConfiguration section */
		8B719A371D8650A300F35EC5 /* Debug */ = {
			isa = XCBuildConfiguration;
			buildSettings = {
				ALWAYS_SEARCH_USER_PATHS = NO;
				CLANG_ANALYZER_NONNULL = YES;
				CLANG_CXX_LANGUAGE_STANDARD = "gnu++0x";
				CLANG_CXX_LIBRARY = "libc++";
				CLANG_ENABLE_MODULES = YES;
				CLANG_ENABLE_OBJC_ARC = YES;
				CLANG_WARN_BOOL_CONVERSION = YES;
				CLANG_WARN_CONSTANT_CONVERSION = YES;
				CLANG_WARN_DIRECT_OBJC_ISA_USAGE = YES_ERROR;
				CLANG_WARN_EMPTY_BODY = YES;
				CLANG_WARN_ENUM_CONVERSION = YES;
				CLANG_WARN_INFINITE_RECURSION = YES;
				CLANG_WARN_INT_CONVERSION = YES;
				CLANG_WARN_OBJC_ROOT_CLASS = YES_ERROR;
				CLANG_WARN_SUSPICIOUS_MOVE = YES;
				CLANG_WARN_UNREACHABLE_CODE = YES;
				CLANG_WARN__DUPLICATE_METHOD_MATCH = YES;
				CODE_SIGN_IDENTITY = "-";
				COPY_PHASE_STRIP = NO;
				DEBUG_INFORMATION_FORMAT = dwarf;
				ENABLE_STRICT_OBJC_MSGSEND = YES;
				ENABLE_TESTABILITY = YES;
				GCC_C_LANGUAGE_STANDARD = gnu99;
				GCC_DYNAMIC_NO_PIC = NO;
				GCC_NO_COMMON_BLOCKS = YES;
				GCC_OPTIMIZATION_LEVEL = 0;
				GCC_PREPROCESSOR_DEFINITIONS = (
					"DEBUG=1",
					"$(inherited)",
				);
				GCC_WARN_64_TO_32_BIT_CONVERSION = YES;
				GCC_WARN_ABOUT_RETURN_TYPE = YES_ERROR;
				GCC_WARN_UNDECLARED_SELECTOR = YES;
				GCC_WARN_UNINITIALIZED_AUTOS = YES_AGGRESSIVE;
				GCC_WARN_UNUSED_FUNCTION = YES;
				GCC_WARN_UNUSED_VARIABLE = YES;
				MACOSX_DEPLOYMENT_TARGET = 10.11;
				MTL_ENABLE_DEBUG_INFO = YES;
				ONLY_ACTIVE_ARCH = YES;
				SDKROOT = macosx;
			};
			name = Debug;
		};
		8B719A381D8650A300F35EC5 /* Release */ = {
			isa = XCBuildConfiguration;
			buildSettings = {
				ALWAYS_SEARCH_USER_PATHS = NO;
				CLANG_ANALYZER_NONNULL = YES;
				CLANG_CXX_LANGUAGE_STANDARD = "gnu++0x";
				CLANG_CXX_LIBRARY = "libc++";
				CLANG_ENABLE_MODULES = YES;
				CLANG_ENABLE_OBJC_ARC = YES;
				CLANG_WARN_BOOL_CONVERSION = YES;
				CLANG_WARN_CONSTANT_CONVERSION = YES;
				CLANG_WARN_DIRECT_OBJC_ISA_USAGE = YES_ERROR;
				CLANG_WARN_EMPTY_BODY = YES;
				CLANG_WARN_ENUM_CONVERSION = YES;
				CLANG_WARN_INFINITE_RECURSION = YES;
				CLANG_WARN_INT_CONVERSION = YES;
				CLANG_WARN_OBJC_ROOT_CLASS = YES_ERROR;
				CLANG_WARN_SUSPICIOUS_MOVE = YES;
				CLANG_WARN_UNREACHABLE_CODE = YES;
				CLANG_WARN__DUPLICATE_METHOD_MATCH = YES;
				CODE_SIGN_IDENTITY = "-";
				COPY_PHASE_STRIP = NO;
				DEBUG_INFORMATION_FORMAT = "dwarf-with-dsym";
				ENABLE_NS_ASSERTIONS = NO;
				ENABLE_STRICT_OBJC_MSGSEND = YES;
				GCC_C_LANGUAGE_STANDARD = gnu99;
				GCC_NO_COMMON_BLOCKS = YES;
				GCC_WARN_64_TO_32_BIT_CONVERSION = YES;
				GCC_WARN_ABOUT_RETURN_TYPE = YES_ERROR;
				GCC_WARN_UNDECLARED_SELECTOR = YES;
				GCC_WARN_UNINITIALIZED_AUTOS = YES_AGGRESSIVE;
				GCC_WARN_UNUSED_FUNCTION = YES;
				GCC_WARN_UNUSED_VARIABLE = YES;
				MACOSX_DEPLOYMENT_TARGET = 10.11;
				MTL_ENABLE_DEBUG_INFO = NO;
				SDKROOT = macosx;
			};
			name = Release;
		};
		8B719A3A1D8650A300F35EC5 /* Debug */ = {
			isa = XCBuildConfiguration;
			buildSettings = {
				ASSETCATALOG_COMPILER_APPICON_NAME = AppIcon;
				CODE_SIGN_IDENTITY = "Mac Developer";
				COMBINE_HIDPI_IMAGES = YES;
				DEVELOPMENT_TEAM = 8Q6U63H235;
				INFOPLIST_FILE = hsp/Info.plist;
				LD_RUNPATH_SEARCH_PATHS = "$(inherited) @executable_path/../Frameworks";
				PRODUCT_BUNDLE_IDENTIFIER = com.dolphilia.hsp;
				PRODUCT_NAME = "$(TARGET_NAME)";
			};
			name = Debug;
		};
		8B719A3B1D8650A300F35EC5 /* Release */ = {
			isa = XCBuildConfiguration;
			buildSettings = {
				ASSETCATALOG_COMPILER_APPICON_NAME = AppIcon;
				CODE_SIGN_IDENTITY = "Mac Developer";
				COMBINE_HIDPI_IMAGES = YES;
				DEVELOPMENT_TEAM = "";
				INFOPLIST_FILE = hsp/Info.plist;
				LD_RUNPATH_SEARCH_PATHS = "$(inherited) @executable_path/../Frameworks";
				PRODUCT_BUNDLE_IDENTIFIER = com.dolphilia.hsp;
				PRODUCT_NAME = "$(TARGET_NAME)";
			};
			name = Release;
		};
		8B719A3D1D8650A300F35EC5 /* Debug */ = {
			isa = XCBuildConfiguration;
			buildSettings = {
				BUNDLE_LOADER = "$(TEST_HOST)";
				COMBINE_HIDPI_IMAGES = YES;
				INFOPLIST_FILE = hspTests/Info.plist;
				LD_RUNPATH_SEARCH_PATHS = "$(inherited) @executable_path/../Frameworks @loader_path/../Frameworks";
				PRODUCT_BUNDLE_IDENTIFIER = com.dolphilia.hspTests;
				PRODUCT_NAME = "$(TARGET_NAME)";
				TEST_HOST = "$(BUILT_PRODUCTS_DIR)/hsp.app/Contents/MacOS/hsp";
			};
			name = Debug;
		};
		8B719A3E1D8650A300F35EC5 /* Release */ = {
			isa = XCBuildConfiguration;
			buildSettings = {
				BUNDLE_LOADER = "$(TEST_HOST)";
				COMBINE_HIDPI_IMAGES = YES;
				INFOPLIST_FILE = hspTests/Info.plist;
				LD_RUNPATH_SEARCH_PATHS = "$(inherited) @executable_path/../Frameworks @loader_path/../Frameworks";
				PRODUCT_BUNDLE_IDENTIFIER = com.dolphilia.hspTests;
				PRODUCT_NAME = "$(TARGET_NAME)";
				TEST_HOST = "$(BUILT_PRODUCTS_DIR)/hsp.app/Contents/MacOS/hsp";
			};
			name = Release;
		};
		8B719A401D8650A300F35EC5 /* Debug */ = {
			isa = XCBuildConfiguration;
			buildSettings = {
				COMBINE_HIDPI_IMAGES = YES;
				INFOPLIST_FILE = hspUITests/Info.plist;
				LD_RUNPATH_SEARCH_PATHS = "$(inherited) @executable_path/../Frameworks @loader_path/../Frameworks";
				PRODUCT_BUNDLE_IDENTIFIER = com.dolphilia.hspUITests;
				PRODUCT_NAME = "$(TARGET_NAME)";
				TEST_TARGET_NAME = hsp;
			};
			name = Debug;
		};
		8B719A411D8650A300F35EC5 /* Release */ = {
			isa = XCBuildConfiguration;
			buildSettings = {
				COMBINE_HIDPI_IMAGES = YES;
				INFOPLIST_FILE = hspUITests/Info.plist;
				LD_RUNPATH_SEARCH_PATHS = "$(inherited) @executable_path/../Frameworks @loader_path/../Frameworks";
				PRODUCT_BUNDLE_IDENTIFIER = com.dolphilia.hspUITests;
				PRODUCT_NAME = "$(TARGET_NAME)";
				TEST_TARGET_NAME = hsp;
			};
			name = Release;
		};
/* End XCBuildConfiguration section */

/* Begin XCConfigurationList section */
		8B719A0A1D8650A300F35EC5 /* Build configuration list for PBXProject "hsp" */ = {
			isa = XCConfigurationList;
			buildConfigurations = (
				8B719A371D8650A300F35EC5 /* Debug */,
				8B719A381D8650A300F35EC5 /* Release */,
			);
			defaultConfigurationIsVisible = 0;
			defaultConfigurationName = Release;
		};
		8B719A391D8650A300F35EC5 /* Build configuration list for PBXNativeTarget "hsp" */ = {
			isa = XCConfigurationList;
			buildConfigurations = (
				8B719A3A1D8650A300F35EC5 /* Debug */,
				8B719A3B1D8650A300F35EC5 /* Release */,
			);
			defaultConfigurationIsVisible = 0;
			defaultConfigurationName = Release;
		};
		8B719A3C1D8650A300F35EC5 /* Build configuration list for PBXNativeTarget "hspTests" */ = {
			isa = XCConfigurationList;
			buildConfigurations = (
				8B719A3D1D8650A300F35EC5 /* Debug */,
				8B719A3E1D8650A300F35EC5 /* Release */,
			);
			defaultConfigurationIsVisible = 0;
			defaultConfigurationName = Release;
		};
		8B719A3F1D8650A300F35EC5 /* Build configuration list for PBXNativeTarget "hspUITests" */ = {
			isa = XCConfigurationList;
			buildConfigurations = (
				8B719A401D8650A300F35EC5 /* Debug */,
				8B719A411D8650A300F35EC5 /* Release */,
			);
			defaultConfigurationIsVisible = 0;
			defaultConfigurationName = Release;
		};
/* End XCConfigurationList section */
	};
	rootObject = 8B719A071D8650A300F35EC5 /* Project object */;
}
